// !$*UTF8*$!
{
	archiveVersion = 1;
	classes = {
	};
	objectVersion = 55;
	objects = {

/* Begin PBXBuildFile section */
		A1F4E40C282321EB0050D0EC /* StudioGhibliLookupApp.swift in Sources */ = {isa = PBXBuildFile; fileRef = A1F4E40B282321EB0050D0EC /* StudioGhibliLookupApp.swift */; };
		A1F4E40E282321EB0050D0EC /* ContentView.swift in Sources */ = {isa = PBXBuildFile; fileRef = A1F4E40D282321EB0050D0EC /* ContentView.swift */; };
		A1F4E410282321EC0050D0EC /* Assets.xcassets in Resources */ = {isa = PBXBuildFile; fileRef = A1F4E40F282321EC0050D0EC /* Assets.xcassets */; };
		A1F4E413282321EC0050D0EC /* Preview Assets.xcassets in Resources */ = {isa = PBXBuildFile; fileRef = A1F4E412282321EC0050D0EC /* Preview Assets.xcassets */; };
		A1F4E41C282377C30050D0EC /* MarathonHomeView.swift in Sources */ = {isa = PBXBuildFile; fileRef = A1F4E41B282377C30050D0EC /* MarathonHomeView.swift */; };
		A1F4E420282380390050D0EC /* NewsView.swift in Sources */ = {isa = PBXBuildFile; fileRef = A1F4E41F282380390050D0EC /* NewsView.swift */; };
		A1F4E4222823803F0050D0EC /* FavoritesView.swift in Sources */ = {isa = PBXBuildFile; fileRef = A1F4E4212823803F0050D0EC /* FavoritesView.swift */; };
		A1F4E424282383170050D0EC /* DetailView.swift in Sources */ = {isa = PBXBuildFile; fileRef = A1F4E423282383170050D0EC /* DetailView.swift */; };
		A1F4E426282384910050D0EC /* HomeView.swift in Sources */ = {isa = PBXBuildFile; fileRef = A1F4E425282384910050D0EC /* HomeView.swift */; };
		A1F4E450282399D30050D0EC /* Movie.swift in Sources */ = {isa = PBXBuildFile; fileRef = A1F4E44F282399D30050D0EC /* Movie.swift */; };
		A1F4E45228239A380050D0EC /* MovieView.swift in Sources */ = {isa = PBXBuildFile; fileRef = A1F4E45128239A380050D0EC /* MovieView.swift */; };
		A1F4E45428239AC60050D0EC /* MockStore.swift in Sources */ = {isa = PBXBuildFile; fileRef = A1F4E45328239AC60050D0EC /* MockStore.swift */; };
/* End PBXBuildFile section */

/* Begin PBXFileReference section */
		A1F4E408282321EB0050D0EC /* StudioGhibliLookup.app */ = {isa = PBXFileReference; explicitFileType = wrapper.application; includeInIndex = 0; path = StudioGhibliLookup.app; sourceTree = BUILT_PRODUCTS_DIR; };
		A1F4E40B282321EB0050D0EC /* StudioGhibliLookupApp.swift */ = {isa = PBXFileReference; lastKnownFileType = sourcecode.swift; path = StudioGhibliLookupApp.swift; sourceTree = "<group>"; };
		A1F4E40D282321EB0050D0EC /* ContentView.swift */ = {isa = PBXFileReference; lastKnownFileType = sourcecode.swift; path = ContentView.swift; sourceTree = "<group>"; };
		A1F4E40F282321EC0050D0EC /* Assets.xcassets */ = {isa = PBXFileReference; lastKnownFileType = folder.assetcatalog; path = Assets.xcassets; sourceTree = "<group>"; };
		A1F4E412282321EC0050D0EC /* Preview Assets.xcassets */ = {isa = PBXFileReference; lastKnownFileType = folder.assetcatalog; path = "Preview Assets.xcassets"; sourceTree = "<group>"; };
		A1F4E41B282377C30050D0EC /* MarathonHomeView.swift */ = {isa = PBXFileReference; lastKnownFileType = sourcecode.swift; path = MarathonHomeView.swift; sourceTree = "<group>"; };
		A1F4E41F282380390050D0EC /* NewsView.swift */ = {isa = PBXFileReference; lastKnownFileType = sourcecode.swift; path = NewsView.swift; sourceTree = "<group>"; };
		A1F4E4212823803F0050D0EC /* FavoritesView.swift */ = {isa = PBXFileReference; lastKnownFileType = sourcecode.swift; path = FavoritesView.swift; sourceTree = "<group>"; };
		A1F4E423282383170050D0EC /* DetailView.swift */ = {isa = PBXFileReference; lastKnownFileType = sourcecode.swift; path = DetailView.swift; sourceTree = "<group>"; };
		A1F4E425282384910050D0EC /* HomeView.swift */ = {isa = PBXFileReference; lastKnownFileType = sourcecode.swift; path = HomeView.swift; sourceTree = "<group>"; };
		A1F4E44F282399D30050D0EC /* Movie.swift */ = {isa = PBXFileReference; lastKnownFileType = sourcecode.swift; path = Movie.swift; sourceTree = "<group>"; };
		A1F4E45128239A380050D0EC /* MovieView.swift */ = {isa = PBXFileReference; lastKnownFileType = sourcecode.swift; path = MovieView.swift; sourceTree = "<group>"; };
		A1F4E45328239AC60050D0EC /* MockStore.swift */ = {isa = PBXFileReference; lastKnownFileType = sourcecode.swift; path = MockStore.swift; sourceTree = "<group>"; };
/* End PBXFileReference section */

/* Begin PBXFrameworksBuildPhase section */
		A1F4E405282321EB0050D0EC /* Frameworks */ = {
			isa = PBXFrameworksBuildPhase;
			buildActionMask = 2147483647;
			files = (
			);
			runOnlyForDeploymentPostprocessing = 0;
		};
/* End PBXFrameworksBuildPhase section */

/* Begin PBXGroup section */
		A1F4E3FF282321EB0050D0EC = {
			isa = PBXGroup;
			children = (
				A1F4E40A282321EB0050D0EC /* StudioGhibliLookup */,
				A1F4E409282321EB0050D0EC /* Products */,
			);
			sourceTree = "<group>";
		};
		A1F4E409282321EB0050D0EC /* Products */ = {
			isa = PBXGroup;
			children = (
				A1F4E408282321EB0050D0EC /* StudioGhibliLookup.app */,
			);
			name = Products;
			sourceTree = "<group>";
		};
		A1F4E40A282321EB0050D0EC /* StudioGhibliLookup */ = {
			isa = PBXGroup;
			children = (
				A1F4E44E282399C90050D0EC /* Model */,
				A1F4E41A282377B60050D0EC /* HomeView */,
				A1F4E41D282380160050D0EC /* News */,
				A1F4E41E2823801A0050D0EC /* Favorites */,
				A1F4E419282377A90050D0EC /* HelperViews */,
				A1F4E40F282321EC0050D0EC /* Assets.xcassets */,
				A1F4E411282321EC0050D0EC /* Preview Content */,
			);
			path = StudioGhibliLookup;
			sourceTree = "<group>";
		};
		A1F4E411282321EC0050D0EC /* Preview Content */ = {
			isa = PBXGroup;
			children = (
				A1F4E412282321EC0050D0EC /* Preview Assets.xcassets */,
			);
			path = "Preview Content";
			sourceTree = "<group>";
		};
		A1F4E419282377A90050D0EC /* HelperViews */ = {
			isa = PBXGroup;
			children = (
				A1F4E40B282321EB0050D0EC /* StudioGhibliLookupApp.swift */,
				A1F4E40D282321EB0050D0EC /* ContentView.swift */,
			);
			path = HelperViews;
			sourceTree = "<group>";
		};
		A1F4E41A282377B60050D0EC /* HomeView */ = {
			isa = PBXGroup;
			children = (
				A1F4E425282384910050D0EC /* HomeView.swift */,
				A1F4E423282383170050D0EC /* DetailView.swift */,
				A1F4E41B282377C30050D0EC /* MarathonHomeView.swift */,
			);
			path = HomeView;
			sourceTree = "<group>";
		};
		A1F4E41D282380160050D0EC /* News */ = {
			isa = PBXGroup;
			children = (
				A1F4E41F282380390050D0EC /* NewsView.swift */,
			);
			path = News;
			sourceTree = "<group>";
		};
		A1F4E41E2823801A0050D0EC /* Favorites */ = {
			isa = PBXGroup;
			children = (
				A1F4E4212823803F0050D0EC /* FavoritesView.swift */,
			);
			path = Favorites;
			sourceTree = "<group>";
		};
		A1F4E44E282399C90050D0EC /* Model */ = {
			isa = PBXGroup;
			children = (
				A1F4E44F282399D30050D0EC /* Movie.swift */,
				A1F4E45128239A380050D0EC /* MovieView.swift */,
				A1F4E45328239AC60050D0EC /* MockStore.swift */,
			);
			path = Model;
			sourceTree = "<group>";
		};
/* End PBXGroup section */

/* Begin PBXNativeTarget section */
		A1F4E407282321EB0050D0EC /* StudioGhibliLookup */ = {
			isa = PBXNativeTarget;
			buildConfigurationList = A1F4E416282321EC0050D0EC /* Build configuration list for PBXNativeTarget "StudioGhibliLookup" */;
			buildPhases = (
				A1F4E404282321EB0050D0EC /* Sources */,
				A1F4E405282321EB0050D0EC /* Frameworks */,
				A1F4E406282321EB0050D0EC /* Resources */,
			);
			buildRules = (
			);
			dependencies = (
			);
			name = StudioGhibliLookup;
			productName = StudioGhibliLookup;
			productReference = A1F4E408282321EB0050D0EC /* StudioGhibliLookup.app */;
			productType = "com.apple.product-type.application";
		};
/* End PBXNativeTarget section */

/* Begin PBXProject section */
		A1F4E400282321EB0050D0EC /* Project object */ = {
			isa = PBXProject;
			attributes = {
				BuildIndependentTargetsInParallel = 1;
				LastSwiftUpdateCheck = 1330;
				LastUpgradeCheck = 1330;
				TargetAttributes = {
					A1F4E407282321EB0050D0EC = {
						CreatedOnToolsVersion = 13.3.1;
					};
				};
			};
			buildConfigurationList = A1F4E403282321EB0050D0EC /* Build configuration list for PBXProject "StudioGhibliLookup" */;
			compatibilityVersion = "Xcode 13.0";
			developmentRegion = en;
			hasScannedForEncodings = 0;
			knownRegions = (
				en,
				Base,
			);
			mainGroup = A1F4E3FF282321EB0050D0EC;
			productRefGroup = A1F4E409282321EB0050D0EC /* Products */;
			projectDirPath = "";
			projectRoot = "";
			targets = (
				A1F4E407282321EB0050D0EC /* StudioGhibliLookup */,
			);
		};
/* End PBXProject section */

/* Begin PBXResourcesBuildPhase section */
		A1F4E406282321EB0050D0EC /* Resources */ = {
			isa = PBXResourcesBuildPhase;
			buildActionMask = 2147483647;
			files = (
				A1F4E413282321EC0050D0EC /* Preview Assets.xcassets in Resources */,
				A1F4E410282321EC0050D0EC /* Assets.xcassets in Resources */,
			);
			runOnlyForDeploymentPostprocessing = 0;
		};
/* End PBXResourcesBuildPhase section */

/* Begin PBXSourcesBuildPhase section */
		A1F4E404282321EB0050D0EC /* Sources */ = {
			isa = PBXSourcesBuildPhase;
			buildActionMask = 2147483647;
			files = (
				A1F4E4222823803F0050D0EC /* FavoritesView.swift in Sources */,
				A1F4E426282384910050D0EC /* HomeView.swift in Sources */,
				A1F4E424282383170050D0EC /* DetailView.swift in Sources */,
				A1F4E41C282377C30050D0EC /* MarathonHomeView.swift in Sources */,
				A1F4E45228239A380050D0EC /* MovieView.swift in Sources */,
				A1F4E420282380390050D0EC /* NewsView.swift in Sources */,
				A1F4E40E282321EB0050D0EC /* ContentView.swift in Sources */,
				A1F4E450282399D30050D0EC /* Movie.swift in Sources */,
				A1F4E40C282321EB0050D0EC /* StudioGhibliLookupApp.swift in Sources */,
				A1F4E45428239AC60050D0EC /* MockStore.swift in Sources */,
			);
			runOnlyForDeploymentPostprocessing = 0;
		};
/* End PBXSourcesBuildPhase section */

/* Begin XCBuildConfiguration section */
		A1F4E414282321EC0050D0EC /* Debug */ = {
			isa = XCBuildConfiguration;
			buildSettings = {
				ALWAYS_SEARCH_USER_PATHS = NO;
				CLANG_ANALYZER_NONNULL = YES;
				CLANG_ANALYZER_NUMBER_OBJECT_CONVERSION = YES_AGGRESSIVE;
				CLANG_CXX_LANGUAGE_STANDARD = "gnu++17";
				CLANG_ENABLE_MODULES = YES;
				CLANG_ENABLE_OBJC_ARC = YES;
				CLANG_ENABLE_OBJC_WEAK = YES;
				CLANG_WARN_BLOCK_CAPTURE_AUTORELEASING = YES;
				CLANG_WARN_BOOL_CONVERSION = YES;
				CLANG_WARN_COMMA = YES;
				CLANG_WARN_CONSTANT_CONVERSION = YES;
				CLANG_WARN_DEPRECATED_OBJC_IMPLEMENTATIONS = YES;
				CLANG_WARN_DIRECT_OBJC_ISA_USAGE = YES_ERROR;
				CLANG_WARN_DOCUMENTATION_COMMENTS = YES;
				CLANG_WARN_EMPTY_BODY = YES;
				CLANG_WARN_ENUM_CONVERSION = YES;
				CLANG_WARN_INFINITE_RECURSION = YES;
				CLANG_WARN_INT_CONVERSION = YES;
				CLANG_WARN_NON_LITERAL_NULL_CONVERSION = YES;
				CLANG_WARN_OBJC_IMPLICIT_RETAIN_SELF = YES;
				CLANG_WARN_OBJC_LITERAL_CONVERSION = YES;
				CLANG_WARN_OBJC_ROOT_CLASS = YES_ERROR;
				CLANG_WARN_QUOTED_INCLUDE_IN_FRAMEWORK_HEADER = YES;
				CLANG_WARN_RANGE_LOOP_ANALYSIS = YES;
				CLANG_WARN_STRICT_PROTOTYPES = YES;
				CLANG_WARN_SUSPICIOUS_MOVE = YES;
				CLANG_WARN_UNGUARDED_AVAILABILITY = YES_AGGRESSIVE;
				CLANG_WARN_UNREACHABLE_CODE = YES;
				CLANG_WARN__DUPLICATE_METHOD_MATCH = YES;
				COPY_PHASE_STRIP = NO;
				DEBUG_INFORMATION_FORMAT = dwarf;
				ENABLE_STRICT_OBJC_MSGSEND = YES;
				ENABLE_TESTABILITY = YES;
				GCC_C_LANGUAGE_STANDARD = gnu11;
				GCC_DYNAMIC_NO_PIC = NO;
				GCC_NO_COMMON_BLOCKS = YES;
				GCC_OPTIMIZATION_LEVEL = 0;
				GCC_PREPROCESSOR_DEFINITIONS = (
					"DEBUG=1",
					"$(inherited)",
				);
				GCC_WARN_64_TO_32_BIT_CONVERSION = YES;
				GCC_WARN_ABOUT_RETURN_TYPE = YES_ERROR;
				GCC_WARN_UNDECLARED_SELECTOR = YES;
				GCC_WARN_UNINITIALIZED_AUTOS = YES_AGGRESSIVE;
				GCC_WARN_UNUSED_FUNCTION = YES;
				GCC_WARN_UNUSED_VARIABLE = YES;
				IPHONEOS_DEPLOYMENT_TARGET = 15.4;
				MTL_ENABLE_DEBUG_INFO = INCLUDE_SOURCE;
				MTL_FAST_MATH = YES;
				ONLY_ACTIVE_ARCH = YES;
				SDKROOT = iphoneos;
				SWIFT_ACTIVE_COMPILATION_CONDITIONS = DEBUG;
				SWIFT_OPTIMIZATION_LEVEL = "-Onone";
			};
			name = Debug;
		};
		A1F4E415282321EC0050D0EC /* Release */ = {
			isa = XCBuildConfiguration;
			buildSettings = {
				ALWAYS_SEARCH_USER_PATHS = NO;
				CLANG_ANALYZER_NONNULL = YES;
				CLANG_ANALYZER_NUMBER_OBJECT_CONVERSION = YES_AGGRESSIVE;
				CLANG_CXX_LANGUAGE_STANDARD = "gnu++17";
				CLANG_ENABLE_MODULES = YES;
				CLANG_ENABLE_OBJC_ARC = YES;
				CLANG_ENABLE_OBJC_WEAK = YES;
				CLANG_WARN_BLOCK_CAPTURE_AUTORELEASING = YES;
				CLANG_WARN_BOOL_CONVERSION = YES;
				CLANG_WARN_COMMA = YES;
				CLANG_WARN_CONSTANT_CONVERSION = YES;
				CLANG_WARN_DEPRECATED_OBJC_IMPLEMENTATIONS = YES;
				CLANG_WARN_DIRECT_OBJC_ISA_USAGE = YES_ERROR;
				CLANG_WARN_DOCUMENTATION_COMMENTS = YES;
				CLANG_WARN_EMPTY_BODY = YES;
				CLANG_WARN_ENUM_CONVERSION = YES;
				CLANG_WARN_INFINITE_RECURSION = YES;
				CLANG_WARN_INT_CONVERSION = YES;
				CLANG_WARN_NON_LITERAL_NULL_CONVERSION = YES;
				CLANG_WARN_OBJC_IMPLICIT_RETAIN_SELF = YES;
				CLANG_WARN_OBJC_LITERAL_CONVERSION = YES;
				CLANG_WARN_OBJC_ROOT_CLASS = YES_ERROR;
				CLANG_WARN_QUOTED_INCLUDE_IN_FRAMEWORK_HEADER = YES;
				CLANG_WARN_RANGE_LOOP_ANALYSIS = YES;
				CLANG_WARN_STRICT_PROTOTYPES = YES;
				CLANG_WARN_SUSPICIOUS_MOVE = YES;
				CLANG_WARN_UNGUARDED_AVAILABILITY = YES_AGGRESSIVE;
				CLANG_WARN_UNREACHABLE_CODE = YES;
				CLANG_WARN__DUPLICATE_METHOD_MATCH = YES;
				COPY_PHASE_STRIP = NO;
				DEBUG_INFORMATION_FORMAT = "dwarf-with-dsym";
				ENABLE_NS_ASSERTIONS = NO;
				ENABLE_STRICT_OBJC_MSGSEND = YES;
				GCC_C_LANGUAGE_STANDARD = gnu11;
				GCC_NO_COMMON_BLOCKS = YES;
				GCC_WARN_64_TO_32_BIT_CONVERSION = YES;
				GCC_WARN_ABOUT_RETURN_TYPE = YES_ERROR;
				GCC_WARN_UNDECLARED_SELECTOR = YES;
				GCC_WARN_UNINITIALIZED_AUTOS = YES_AGGRESSIVE;
				GCC_WARN_UNUSED_FUNCTION = YES;
				GCC_WARN_UNUSED_VARIABLE = YES;
				IPHONEOS_DEPLOYMENT_TARGET = 15.4;
				MTL_ENABLE_DEBUG_INFO = NO;
				MTL_FAST_MATH = YES;
				SDKROOT = iphoneos;
				SWIFT_COMPILATION_MODE = wholemodule;
				SWIFT_OPTIMIZATION_LEVEL = "-O";
				VALIDATE_PRODUCT = YES;
			};
			name = Release;
		};
		A1F4E417282321EC0050D0EC /* Debug */ = {
			isa = XCBuildConfiguration;
			buildSettings = {
				ASSETCATALOG_COMPILER_APPICON_NAME = AppIcon;
				ASSETCATALOG_COMPILER_GLOBAL_ACCENT_COLOR_NAME = AccentColor;
				CODE_SIGN_STYLE = Automatic;
				CURRENT_PROJECT_VERSION = 1;
				DEVELOPMENT_ASSET_PATHS = "\"StudioGhibliLookup/Preview Content\"";
				ENABLE_PREVIEWS = YES;
				GENERATE_INFOPLIST_FILE = YES;
				INFOPLIST_KEY_UIApplicationSceneManifest_Generation = YES;
				INFOPLIST_KEY_UIApplicationSupportsIndirectInputEvents = YES;
				INFOPLIST_KEY_UILaunchScreen_Generation = YES;
				INFOPLIST_KEY_UISupportedInterfaceOrientations_iPad = "UIInterfaceOrientationPortrait UIInterfaceOrientationPortraitUpsideDown UIInterfaceOrientationLandscapeLeft UIInterfaceOrientationLandscapeRight";
				INFOPLIST_KEY_UISupportedInterfaceOrientations_iPhone = "UIInterfaceOrientationPortrait UIInterfaceOrientationLandscapeLeft UIInterfaceOrientationLandscapeRight";
				LD_RUNPATH_SEARCH_PATHS = (
					"$(inherited)",
					"@executable_path/Frameworks",
				);
				MARKETING_VERSION = 1.0;
				PRODUCT_BUNDLE_IDENTIFIER = com.andrew.StudioGhibliLookup;
				PRODUCT_NAME = "$(TARGET_NAME)";
				SWIFT_EMIT_LOC_STRINGS = YES;
				SWIFT_VERSION = 5.0;
				TARGETED_DEVICE_FAMILY = "1,2";
			};
			name = Debug;
		};
		A1F4E418282321EC0050D0EC /* Release */ = {
			isa = XCBuildConfiguration;
			buildSettings = {
				ASSETCATALOG_COMPILER_APPICON_NAME = AppIcon;
				ASSETCATALOG_COMPILER_GLOBAL_ACCENT_COLOR_NAME = AccentColor;
				CODE_SIGN_STYLE = Automatic;
				CURRENT_PROJECT_VERSION = 1;
				DEVELOPMENT_ASSET_PATHS = "\"StudioGhibliLookup/Preview Content\"";
				ENABLE_PREVIEWS = YES;
				GENERATE_INFOPLIST_FILE = YES;
				INFOPLIST_KEY_UIApplicationSceneManifest_Generation = YES;
				INFOPLIST_KEY_UIApplicationSupportsIndirectInputEvents = YES;
				INFOPLIST_KEY_UILaunchScreen_Generation = YES;
				INFOPLIST_KEY_UISupportedInterfaceOrientations_iPad = "UIInterfaceOrientationPortrait UIInterfaceOrientationPortraitUpsideDown UIInterfaceOrientationLandscapeLeft UIInterfaceOrientationLandscapeRight";
				INFOPLIST_KEY_UISupportedInterfaceOrientations_iPhone = "UIInterfaceOrientationPortrait UIInterfaceOrientationLandscapeLeft UIInterfaceOrientationLandscapeRight";
				LD_RUNPATH_SEARCH_PATHS = (
					"$(inherited)",
					"@executable_path/Frameworks",
				);
				MARKETING_VERSION = 1.0;
				PRODUCT_BUNDLE_IDENTIFIER = com.andrew.StudioGhibliLookup;
				PRODUCT_NAME = "$(TARGET_NAME)";
				SWIFT_EMIT_LOC_STRINGS = YES;
				SWIFT_VERSION = 5.0;
				TARGETED_DEVICE_FAMILY = "1,2";
			};
			name = Release;
		};
/* End XCBuildConfiguration section */

/* Begin XCConfigurationList section */
		A1F4E403282321EB0050D0EC /* Build configuration list for PBXProject "StudioGhibliLookup" */ = {
			isa = XCConfigurationList;
			buildConfigurations = (
				A1F4E414282321EC0050D0EC /* Debug */,
				A1F4E415282321EC0050D0EC /* Release */,
			);
			defaultConfigurationIsVisible = 0;
			defaultConfigurationName = Release;
		};
		A1F4E416282321EC0050D0EC /* Build configuration list for PBXNativeTarget "StudioGhibliLookup" */ = {
			isa = XCConfigurationList;
			buildConfigurations = (
				A1F4E417282321EC0050D0EC /* Debug */,
				A1F4E418282321EC0050D0EC /* Release */,
			);
			defaultConfigurationIsVisible = 0;
			defaultConfigurationName = Release;
		};
/* End XCConfigurationList section */
	};
	rootObject = A1F4E400282321EB0050D0EC /* Project object */;
}
